# This file is automatically @generated by Poetry 2.1.3 and should not be changed by hand.

[[package]]
name = "narwhals"
version = "1.40.0"
description = "Extremely lightweight compatibility layer between dataframe libraries"
optional = false
python-versions = ">=3.8"
groups = ["main"]
files = [
    {file = "narwhals-1.40.0-py3-none-any.whl", hash = "sha256:1e6c731811d01c61147c52433b4d4edfb6511aaf2c859aa01c2e8ca6ff4d27e5"},
    {file = "narwhals-1.40.0.tar.gz", hash = "sha256:17064abffd264ea1cfe6aefc8a0080f3a4ffb3659a98bcad5456ca80b88f2a0a"},
]

[package.extras]
cudf = ["cudf (>=24.10.0)"]
dask = ["dask[dataframe] (>=2024.8)"]
duckdb = ["duckdb (>=1.0)"]
ibis = ["ibis-framework (>=6.0.0)", "packaging", "pyarrow-hotfix", "rich"]
modin = ["modin"]
pandas = ["pandas (>=0.25.3)"]
polars = ["polars (>=0.20.3)"]
pyarrow = ["pyarrow (>=11.0.0)"]
pyspark = ["pyspark (>=3.5.0)"]
pyspark-connect = ["pyspark[connect] (>=3.5.0)"]
sqlframe = ["sqlframe (>=3.22.0)"]

[[package]]
name = "packaging"
version = "25.0"
description = "Core utilities for Python packages"
optional = false
python-versions = ">=3.8"
groups = ["main"]
files = [
    {file = "packaging-25.0-py3-none-any.whl", hash = "sha256:29572ef2b1f17581046b3a2227d5c611fb25ec70ca1ba8554b24b0e69331a484"},
    {file = "packaging-25.0.tar.gz", hash = "sha256:d443872c98d677bf60f6a1f2f8c1cb748e8fe762d2bf9d3148b5599295b0fc4f"},
]

[[package]]
name = "plotly"
version = "6.1.0"
description = "An open-source interactive data visualization library for Python"
optional = false
python-versions = ">=3.8"
groups = ["main"]
files = [
    {file = "plotly-6.1.0-py3-none-any.whl", hash = "sha256:a29d3ed523c9d7960095693af1ee52689830df0f9c6bae3e5e92c20c4f5684c3"},
    {file = "plotly-6.1.0.tar.gz", hash = "sha256:f13f497ccc2d97f06f771a30b27fab0cbd220f2975865f4ecbc75057135521de"},
]

[package.dependencies]
narwhals = ">=1.15.1"
packaging = "*"

[package.extras]
dev = ["black (==25.1.0)"]
express = ["numpy"]
kaleido = ["kaleido (==1.0.0rc13)"]

[metadata]
lock-version = "2.1"
python-versions = ">=3.13"
content-hash = "907ab735ceafd9c320e8f5b1f20aba61ad105fac3c4642e7a337621c1a41326e"
